
Microsoft Visual Studio Solution File, Format Version 12.00
# Visual Studio 15
VisualStudioVersion = 15.0.27004.2009
MinimumVisualStudioVersion = 10.0.40219.1
Project("{9A19103F-16F7-4668-BE54-9A1E7A4F7556}") = "EFFC.Frame.Net.Base", "EFFC.Frame.Net.Base\EFFC.Frame.Net.Base.csproj", "{3DBF0A34-84F5-4F39-B726-BFBDC136DD84}"
EndProject
Project("{9A19103F-16F7-4668-BE54-9A1E7A4F7556}") = "EFFC.Frame.Net.Unit.DB", "EFFC.Frame.Net.Unit.DB\EFFC.Frame.Net.Unit.DB.csproj", "{4A301C59-D473-4236-BD26-AA9ACD22F1E0}"
EndProject
Project("{9A19103F-16F7-4668-BE54-9A1E7A4F7556}") = "EFFC.Frame.Net.Resource.SQLServer", "EFFC.Frame.Net.Resource.SQLServer\EFFC.Frame.Net.Resource.SQLServer.csproj", "{AF71966D-D4C1-4EF7-8F11-DBC55228A0DB}"
EndProject
Project("{2150E333-8FDC-42A3-9474-1A3956D46DE8}") = "Frame.Base", "Frame.Base", "{624D0BD4-FE38-480B-BA6B-410A902B991C}"
EndProject
Project("{2150E333-8FDC-42A3-9474-1A3956D46DE8}") = "Frame.Resources", "Frame.Resources", "{DDBF4B7F-FF4C-4B51-9223-8F1E67E4C32E}"
EndProject
Project("{2150E333-8FDC-42A3-9474-1A3956D46DE8}") = "Frame.Unit", "Frame.Unit", "{2B08CCA6-D251-4A87-828E-5288F5484A57}"
EndProject
Project("{2150E333-8FDC-42A3-9474-1A3956D46DE8}") = "Frame.Modules", "Frame.Modules", "{644A6E3F-8899-46A9-94AC-2229A06D2A52}"
EndProject
Project("{9A19103F-16F7-4668-BE54-9A1E7A4F7556}") = "EFFC.Frame.Net.Resource.Oracle", "EFFC.Frame.Net.Resource.Oracle\EFFC.Frame.Net.Resource.Oracle.csproj", "{D32EBAB1-D0CF-40BB-85DA-2076DB3D8C91}"
EndProject
Project("{9A19103F-16F7-4668-BE54-9A1E7A4F7556}") = "EFFC.Frame.Net.Resource.MySQL", "EFFC.Frame.Net.Resource.MySQL\EFFC.Frame.Net.Resource.MySQL.csproj", "{8524FD05-F69F-4BD8-804A-B04B4CB00F26}"
EndProject
Project("{9A19103F-16F7-4668-BE54-9A1E7A4F7556}") = "EFFC.Frame.Net.Resource.DB2", "EFFC.Frame.Net.Resource.DB2\EFFC.Frame.Net.Resource.DB2.csproj", "{A43E1116-A021-4D1C-9CE8-7C6D69818D44}"
EndProject
Project("{9A19103F-16F7-4668-BE54-9A1E7A4F7556}") = "EFFC.Frame.Net.Resource.MongoDB", "EFFC.Frame.Net.Resource.MongoDB\EFFC.Frame.Net.Resource.MongoDB.csproj", "{24B01E85-1C0B-407D-B16D-0978289BE9B3}"
EndProject
Project("{9A19103F-16F7-4668-BE54-9A1E7A4F7556}") = "EFFC.Frame.Net.Module.Business", "EFFC.Frame.Net.Module.Business\EFFC.Frame.Net.Module.Business.csproj", "{5422EB04-DFAD-4568-AB7A-7348CEF42032}"
EndProject
Project("{9A19103F-16F7-4668-BE54-9A1E7A4F7556}") = "Test", "Test\Test.csproj", "{3BBD80D9-8E3C-4F0E-A121-094385759DE6}"
EndProject
Project("{9A19103F-16F7-4668-BE54-9A1E7A4F7556}") = "EFFC.Frame.Net.Global", "EFFC.Frame.Net.Global\EFFC.Frame.Net.Global.csproj", "{12F5BD24-82A0-4C7F-9037-6ACD49A60810}"
EndProject
Project("{9A19103F-16F7-4668-BE54-9A1E7A4F7556}") = "EFFC.Frame.Net.Unit.DataObjectDefine", "EFFC.Frame.Net.Unit.DataObjectDefine\EFFC.Frame.Net.Unit.DataObjectDefine.csproj", "{CA51EC49-5F22-4C49-9A7E-24A8FDCAA256}"
EndProject
Project("{9A19103F-16F7-4668-BE54-9A1E7A4F7556}") = "EFFC.Frame.Net.Module.HttpCall", "EFFC.Frame.Net.Module.HttpCall\EFFC.Frame.Net.Module.HttpCall.csproj", "{6B28F0C9-88DF-4A48-9E9F-67C355EDED8A}"
EndProject
Project("{9A19103F-16F7-4668-BE54-9A1E7A4F7556}") = "EFFC.Frame.Net.Resource.Others", "EFFC.Frame.Net.Resource.Files\EFFC.Frame.Net.Resource.Others.csproj", "{E11B6912-A198-4245-B550-85EB7476252C}"
EndProject
Project("{9A19103F-16F7-4668-BE54-9A1E7A4F7556}") = "EFFC.Frame.Net.Module.Tag", "EFFC.Frame.Net.Module.Tag\EFFC.Frame.Net.Module.Tag.csproj", "{450786DC-F71C-4E2A-8AEE-C414E03062C4}"
EndProject
Project("{9A19103F-16F7-4668-BE54-9A1E7A4F7556}") = "EFFC.Frame.Net.Module.Web", "EFFC.Frame.Net.Module.Web\EFFC.Frame.Net.Module.Web.csproj", "{CA2B7391-2491-4621-8086-EB0A04715023}"
EndProject
Project("{9A19103F-16F7-4668-BE54-9A1E7A4F7556}") = "EFFC.Frame.Net.Resource.Loggers", "EFFC.Frame.Net.Resource.Loggers\EFFC.Frame.Net.Resource.Loggers.csproj", "{9F915B0A-FE43-4343-9E75-629796F3D6DB}"
EndProject
Project("{9A19103F-16F7-4668-BE54-9A1E7A4F7556}") = "EFFC.Frame.Net.Module.Extend.WebGo", "EFFC.Frame.Net.Module.Go\EFFC.Frame.Net.Module.Extend.WebGo.csproj", "{A016189C-F7A1-4EC0-BCE1-64318E37B179}"
EndProject
Project("{9A19103F-16F7-4668-BE54-9A1E7A4F7556}") = "EFFC.Frame.Net.Module.Razor", "EFFC.Frame.Net.Module.Razor\EFFC.Frame.Net.Module.Razor.csproj", "{AF2E5A74-2B8E-423F-AA58-BF349D4DA3FA}"
EndProject
Project("{2150E333-8FDC-42A3-9474-1A3956D46DE8}") = "Test Solution", "Test Solution", "{1AAA8AC5-2C71-4586-B87F-9433051F07EF}"
EndProject
Project("{9A19103F-16F7-4668-BE54-9A1E7A4F7556}") = "Web.Business", "Web.Business\Web.Business.csproj", "{8C62A9DD-AF9A-4319-BD62-BE30DB2D1808}"
EndProject
Project("{9A19103F-16F7-4668-BE54-9A1E7A4F7556}") = "WebTest", "WebTest\WebTest.csproj", "{6FCC26C9-4E44-44DA-BA96-A7679D7BF531}"
EndProject
Project("{9A19103F-16F7-4668-BE54-9A1E7A4F7556}") = "EFFC.Frame.Net.Resource.Sqlite", "EFFC.Frame.Net.Resource.Sqlite\EFFC.Frame.Net.Resource.Sqlite.csproj", "{22AC61EB-861E-42B3-B379-C8A8EDD46854}"
EndProject
Project("{9A19103F-16F7-4668-BE54-9A1E7A4F7556}") = "EFFC.Frame.Net.Module.Extend.WeixinWeb", "EFFC.Frame.Net.Module.Extend.WeixinWeb\EFFC.Frame.Net.Module.Extend.WeixinWeb.csproj", "{D5E9B226-5456-4A38-BD4B-D667104CBC9B}"
EndProject
Project("{9A19103F-16F7-4668-BE54-9A1E7A4F7556}") = "WeixinTest", "WeixinTest\WeixinTest.csproj", "{14210231-8171-4113-93C4-679B4203095B}"
EndProject
Project("{2150E333-8FDC-42A3-9474-1A3956D46DE8}") = "Application Solution", "Application Solution", "{B8FAF65D-78CA-4BE5-87BB-EC9956DFFDD9}"
EndProject
Project("{9A19103F-16F7-4668-BE54-9A1E7A4F7556}") = "WechatApp", "WechatApp\WechatApp.csproj", "{942BF265-0C8A-41FD-A109-D279FD137062}"
EndProject
Project("{9A19103F-16F7-4668-BE54-9A1E7A4F7556}") = "Wechat.Business", "Wechat.Business\Wechat.Business.csproj", "{143F8F41-D4AC-4549-8162-B2415F216B6D}"
EndProject
Project("{9A19103F-16F7-4668-BE54-9A1E7A4F7556}") = "Wechat.Unit", "Wechat.Unit\Wechat.Unit.csproj", "{EA122925-8BF4-4955-B775-D6EFBC5FA09E}"
EndProject
Project("{9A19103F-16F7-4668-BE54-9A1E7A4F7556}") = "EFFC.Frame.Net.Module.Extend.EWRA", "EFFC.Frame.Net.Module.Extend.EWRA\EFFC.Frame.Net.Module.Extend.EWRA.csproj", "{123B4C96-8F89-4B96-A944-FD31BC42C207}"
EndProject
Project("{9A19103F-16F7-4668-BE54-9A1E7A4F7556}") = "RestAPISample", "RestAPISample\RestAPISample.csproj", "{9E5000FE-A277-4A82-BB24-5F8CEB21CB5A}"
EndProject
Project("{9A19103F-16F7-4668-BE54-9A1E7A4F7556}") = "RestAPI.Business", "RestAPI.Business\RestAPI.Business.csproj", "{E5CB19B5-2A01-4C06-8472-DC59766E9373}"
EndProject
Project("{2150E333-8FDC-42A3-9474-1A3956D46DE8}") = "Frame.Extends", "Frame.Extends", "{237B75FF-5167-4A75-85F2-40BFA788EBEF}"
EndProject
Project("{FAE04EC0-301F-11D3-BF4B-00C04F79EFBC}") = "EFFC.Extends.LinqDLR2SQL", "EFFC.Extends.LinqDLR2SQL\EFFC.Extends.LinqDLR2SQL.csproj", "{82EABAFE-4BF6-4E11-8E56-1160181C78F4}"
EndProject
Global
	GlobalSection(SolutionConfigurationPlatforms) = preSolution
		Debug|Any CPU = Debug|Any CPU
		Release|Any CPU = Release|Any CPU
	EndGlobalSection
	GlobalSection(ProjectConfigurationPlatforms) = postSolution
		{3DBF0A34-84F5-4F39-B726-BFBDC136DD84}.Debug|Any CPU.ActiveCfg = Debug|Any CPU
		{3DBF0A34-84F5-4F39-B726-BFBDC136DD84}.Debug|Any CPU.Build.0 = Debug|Any CPU
		{3DBF0A34-84F5-4F39-B726-BFBDC136DD84}.Release|Any CPU.ActiveCfg = Release|Any CPU
		{3DBF0A34-84F5-4F39-B726-BFBDC136DD84}.Release|Any CPU.Build.0 = Release|Any CPU
		{4A301C59-D473-4236-BD26-AA9ACD22F1E0}.Debug|Any CPU.ActiveCfg = Debug|Any CPU
		{4A301C59-D473-4236-BD26-AA9ACD22F1E0}.Debug|Any CPU.Build.0 = Debug|Any CPU
		{4A301C59-D473-4236-BD26-AA9ACD22F1E0}.Release|Any CPU.ActiveCfg = Release|Any CPU
		{4A301C59-D473-4236-BD26-AA9ACD22F1E0}.Release|Any CPU.Build.0 = Release|Any CPU
		{AF71966D-D4C1-4EF7-8F11-DBC55228A0DB}.Debug|Any CPU.ActiveCfg = Debug|Any CPU
		{AF71966D-D4C1-4EF7-8F11-DBC55228A0DB}.Debug|Any CPU.Build.0 = Debug|Any CPU
		{AF71966D-D4C1-4EF7-8F11-DBC55228A0DB}.Release|Any CPU.ActiveCfg = Release|Any CPU
		{AF71966D-D4C1-4EF7-8F11-DBC55228A0DB}.Release|Any CPU.Build.0 = Release|Any CPU
		{D32EBAB1-D0CF-40BB-85DA-2076DB3D8C91}.Debug|Any CPU.ActiveCfg = Debug|Any CPU
		{D32EBAB1-D0CF-40BB-85DA-2076DB3D8C91}.Debug|Any CPU.Build.0 = Debug|Any CPU
		{D32EBAB1-D0CF-40BB-85DA-2076DB3D8C91}.Release|Any CPU.ActiveCfg = Release|Any CPU
		{D32EBAB1-D0CF-40BB-85DA-2076DB3D8C91}.Release|Any CPU.Build.0 = Release|Any CPU
		{8524FD05-F69F-4BD8-804A-B04B4CB00F26}.Debug|Any CPU.ActiveCfg = Debug|Any CPU
		{8524FD05-F69F-4BD8-804A-B04B4CB00F26}.Debug|Any CPU.Build.0 = Debug|Any CPU
		{8524FD05-F69F-4BD8-804A-B04B4CB00F26}.Release|Any CPU.ActiveCfg = Release|Any CPU
		{8524FD05-F69F-4BD8-804A-B04B4CB00F26}.Release|Any CPU.Build.0 = Release|Any CPU
		{A43E1116-A021-4D1C-9CE8-7C6D69818D44}.Debug|Any CPU.ActiveCfg = Debug|Any CPU
		{A43E1116-A021-4D1C-9CE8-7C6D69818D44}.Debug|Any CPU.Build.0 = Debug|Any CPU
		{A43E1116-A021-4D1C-9CE8-7C6D69818D44}.Release|Any CPU.ActiveCfg = Release|Any CPU
		{A43E1116-A021-4D1C-9CE8-7C6D69818D44}.Release|Any CPU.Build.0 = Release|Any CPU
		{24B01E85-1C0B-407D-B16D-0978289BE9B3}.Debug|Any CPU.ActiveCfg = Debug|Any CPU
		{24B01E85-1C0B-407D-B16D-0978289BE9B3}.Debug|Any CPU.Build.0 = Debug|Any CPU
		{24B01E85-1C0B-407D-B16D-0978289BE9B3}.Release|Any CPU.ActiveCfg = Release|Any CPU
		{24B01E85-1C0B-407D-B16D-0978289BE9B3}.Release|Any CPU.Build.0 = Release|Any CPU
		{5422EB04-DFAD-4568-AB7A-7348CEF42032}.Debug|Any CPU.ActiveCfg = Debug|Any CPU
		{5422EB04-DFAD-4568-AB7A-7348CEF42032}.Debug|Any CPU.Build.0 = Debug|Any CPU
		{5422EB04-DFAD-4568-AB7A-7348CEF42032}.Release|Any CPU.ActiveCfg = Release|Any CPU
		{5422EB04-DFAD-4568-AB7A-7348CEF42032}.Release|Any CPU.Build.0 = Release|Any CPU
		{3BBD80D9-8E3C-4F0E-A121-094385759DE6}.Debug|Any CPU.ActiveCfg = Debug|Any CPU
		{3BBD80D9-8E3C-4F0E-A121-094385759DE6}.Debug|Any CPU.Build.0 = Debug|Any CPU
		{3BBD80D9-8E3C-4F0E-A121-094385759DE6}.Release|Any CPU.ActiveCfg = Release|Any CPU
		{3BBD80D9-8E3C-4F0E-A121-094385759DE6}.Release|Any CPU.Build.0 = Release|Any CPU
		{12F5BD24-82A0-4C7F-9037-6ACD49A60810}.Debug|Any CPU.ActiveCfg = Debug|Any CPU
		{12F5BD24-82A0-4C7F-9037-6ACD49A60810}.Debug|Any CPU.Build.0 = Debug|Any CPU
		{12F5BD24-82A0-4C7F-9037-6ACD49A60810}.Release|Any CPU.ActiveCfg = Release|Any CPU
		{12F5BD24-82A0-4C7F-9037-6ACD49A60810}.Release|Any CPU.Build.0 = Release|Any CPU
		{CA51EC49-5F22-4C49-9A7E-24A8FDCAA256}.Debug|Any CPU.ActiveCfg = Debug|Any CPU
		{CA51EC49-5F22-4C49-9A7E-24A8FDCAA256}.Debug|Any CPU.Build.0 = Debug|Any CPU
		{CA51EC49-5F22-4C49-9A7E-24A8FDCAA256}.Release|Any CPU.ActiveCfg = Release|Any CPU
		{CA51EC49-5F22-4C49-9A7E-24A8FDCAA256}.Release|Any CPU.Build.0 = Release|Any CPU
		{6B28F0C9-88DF-4A48-9E9F-67C355EDED8A}.Debug|Any CPU.ActiveCfg = Debug|Any CPU
		{6B28F0C9-88DF-4A48-9E9F-67C355EDED8A}.Debug|Any CPU.Build.0 = Debug|Any CPU
		{6B28F0C9-88DF-4A48-9E9F-67C355EDED8A}.Release|Any CPU.ActiveCfg = Release|Any CPU
		{6B28F0C9-88DF-4A48-9E9F-67C355EDED8A}.Release|Any CPU.Build.0 = Release|Any CPU
		{E11B6912-A198-4245-B550-85EB7476252C}.Debug|Any CPU.ActiveCfg = Debug|Any CPU
		{E11B6912-A198-4245-B550-85EB7476252C}.Debug|Any CPU.Build.0 = Debug|Any CPU
		{E11B6912-A198-4245-B550-85EB7476252C}.Release|Any CPU.ActiveCfg = Release|Any CPU
		{E11B6912-A198-4245-B550-85EB7476252C}.Release|Any CPU.Build.0 = Release|Any CPU
		{450786DC-F71C-4E2A-8AEE-C414E03062C4}.Debug|Any CPU.ActiveCfg = Debug|Any CPU
		{450786DC-F71C-4E2A-8AEE-C414E03062C4}.Debug|Any CPU.Build.0 = Debug|Any CPU
		{450786DC-F71C-4E2A-8AEE-C414E03062C4}.Release|Any CPU.ActiveCfg = Release|Any CPU
		{450786DC-F71C-4E2A-8AEE-C414E03062C4}.Release|Any CPU.Build.0 = Release|Any CPU
		{CA2B7391-2491-4621-8086-EB0A04715023}.Debug|Any CPU.ActiveCfg = Debug|Any CPU
		{CA2B7391-2491-4621-8086-EB0A04715023}.Debug|Any CPU.Build.0 = Debug|Any CPU
		{CA2B7391-2491-4621-8086-EB0A04715023}.Release|Any CPU.ActiveCfg = Release|Any CPU
		{CA2B7391-2491-4621-8086-EB0A04715023}.Release|Any CPU.Build.0 = Release|Any CPU
		{9F915B0A-FE43-4343-9E75-629796F3D6DB}.Debug|Any CPU.ActiveCfg = Debug|Any CPU
		{9F915B0A-FE43-4343-9E75-629796F3D6DB}.Debug|Any CPU.Build.0 = Debug|Any CPU
		{9F915B0A-FE43-4343-9E75-629796F3D6DB}.Release|Any CPU.ActiveCfg = Release|Any CPU
		{9F915B0A-FE43-4343-9E75-629796F3D6DB}.Release|Any CPU.Build.0 = Release|Any CPU
		{A016189C-F7A1-4EC0-BCE1-64318E37B179}.Debug|Any CPU.ActiveCfg = Debug|Any CPU
		{A016189C-F7A1-4EC0-BCE1-64318E37B179}.Debug|Any CPU.Build.0 = Debug|Any CPU
		{A016189C-F7A1-4EC0-BCE1-64318E37B179}.Release|Any CPU.ActiveCfg = Release|Any CPU
		{A016189C-F7A1-4EC0-BCE1-64318E37B179}.Release|Any CPU.Build.0 = Release|Any CPU
		{AF2E5A74-2B8E-423F-AA58-BF349D4DA3FA}.Debug|Any CPU.ActiveCfg = Debug|Any CPU
		{AF2E5A74-2B8E-423F-AA58-BF349D4DA3FA}.Debug|Any CPU.Build.0 = Debug|Any CPU
		{AF2E5A74-2B8E-423F-AA58-BF349D4DA3FA}.Release|Any CPU.ActiveCfg = Release|Any CPU
		{AF2E5A74-2B8E-423F-AA58-BF349D4DA3FA}.Release|Any CPU.Build.0 = Release|Any CPU
		{8C62A9DD-AF9A-4319-BD62-BE30DB2D1808}.Debug|Any CPU.ActiveCfg = Debug|Any CPU
		{8C62A9DD-AF9A-4319-BD62-BE30DB2D1808}.Debug|Any CPU.Build.0 = Debug|Any CPU
		{8C62A9DD-AF9A-4319-BD62-BE30DB2D1808}.Release|Any CPU.ActiveCfg = Release|Any CPU
		{8C62A9DD-AF9A-4319-BD62-BE30DB2D1808}.Release|Any CPU.Build.0 = Release|Any CPU
		{6FCC26C9-4E44-44DA-BA96-A7679D7BF531}.Debug|Any CPU.ActiveCfg = Debug|Any CPU
		{6FCC26C9-4E44-44DA-BA96-A7679D7BF531}.Debug|Any CPU.Build.0 = Debug|Any CPU
		{6FCC26C9-4E44-44DA-BA96-A7679D7BF531}.Release|Any CPU.ActiveCfg = Release|Any CPU
		{6FCC26C9-4E44-44DA-BA96-A7679D7BF531}.Release|Any CPU.Build.0 = Release|Any CPU
		{22AC61EB-861E-42B3-B379-C8A8EDD46854}.Debug|Any CPU.ActiveCfg = Debug|Any CPU
		{22AC61EB-861E-42B3-B379-C8A8EDD46854}.Debug|Any CPU.Build.0 = Debug|Any CPU
		{22AC61EB-861E-42B3-B379-C8A8EDD46854}.Release|Any CPU.ActiveCfg = Release|Any CPU
		{22AC61EB-861E-42B3-B379-C8A8EDD46854}.Release|Any CPU.Build.0 = Release|Any CPU
		{D5E9B226-5456-4A38-BD4B-D667104CBC9B}.Debug|Any CPU.ActiveCfg = Debug|Any CPU
		{D5E9B226-5456-4A38-BD4B-D667104CBC9B}.Debug|Any CPU.Build.0 = Debug|Any CPU
		{D5E9B226-5456-4A38-BD4B-D667104CBC9B}.Release|Any CPU.ActiveCfg = Release|Any CPU
		{D5E9B226-5456-4A38-BD4B-D667104CBC9B}.Release|Any CPU.Build.0 = Release|Any CPU
		{14210231-8171-4113-93C4-679B4203095B}.Debug|Any CPU.ActiveCfg = Debug|Any CPU
		{14210231-8171-4113-93C4-679B4203095B}.Debug|Any CPU.Build.0 = Debug|Any CPU
		{14210231-8171-4113-93C4-679B4203095B}.Release|Any CPU.ActiveCfg = Release|Any CPU
		{14210231-8171-4113-93C4-679B4203095B}.Release|Any CPU.Build.0 = Release|Any CPU
		{942BF265-0C8A-41FD-A109-D279FD137062}.Debug|Any CPU.ActiveCfg = Debug|Any CPU
		{942BF265-0C8A-41FD-A109-D279FD137062}.Debug|Any CPU.Build.0 = Debug|Any CPU
		{942BF265-0C8A-41FD-A109-D279FD137062}.Release|Any CPU.ActiveCfg = Release|Any CPU
		{942BF265-0C8A-41FD-A109-D279FD137062}.Release|Any CPU.Build.0 = Release|Any CPU
		{143F8F41-D4AC-4549-8162-B2415F216B6D}.Debug|Any CPU.ActiveCfg = Debug|Any CPU
		{143F8F41-D4AC-4549-8162-B2415F216B6D}.Debug|Any CPU.Build.0 = Debug|Any CPU
		{143F8F41-D4AC-4549-8162-B2415F216B6D}.Release|Any CPU.ActiveCfg = Release|Any CPU
		{143F8F41-D4AC-4549-8162-B2415F216B6D}.Release|Any CPU.Build.0 = Release|Any CPU
		{EA122925-8BF4-4955-B775-D6EFBC5FA09E}.Debug|Any CPU.ActiveCfg = Debug|Any CPU
		{EA122925-8BF4-4955-B775-D6EFBC5FA09E}.Debug|Any CPU.Build.0 = Debug|Any CPU
		{EA122925-8BF4-4955-B775-D6EFBC5FA09E}.Release|Any CPU.ActiveCfg = Release|Any CPU
		{EA122925-8BF4-4955-B775-D6EFBC5FA09E}.Release|Any CPU.Build.0 = Release|Any CPU
		{123B4C96-8F89-4B96-A944-FD31BC42C207}.Debug|Any CPU.ActiveCfg = Debug|Any CPU
		{123B4C96-8F89-4B96-A944-FD31BC42C207}.Debug|Any CPU.Build.0 = Debug|Any CPU
		{123B4C96-8F89-4B96-A944-FD31BC42C207}.Release|Any CPU.ActiveCfg = Release|Any CPU
		{123B4C96-8F89-4B96-A944-FD31BC42C207}.Release|Any CPU.Build.0 = Release|Any CPU
		{9E5000FE-A277-4A82-BB24-5F8CEB21CB5A}.Debug|Any CPU.ActiveCfg = Debug|Any CPU
		{9E5000FE-A277-4A82-BB24-5F8CEB21CB5A}.Debug|Any CPU.Build.0 = Debug|Any CPU
		{9E5000FE-A277-4A82-BB24-5F8CEB21CB5A}.Release|Any CPU.ActiveCfg = Release|Any CPU
		{9E5000FE-A277-4A82-BB24-5F8CEB21CB5A}.Release|Any CPU.Build.0 = Release|Any CPU
		{E5CB19B5-2A01-4C06-8472-DC59766E9373}.Debug|Any CPU.ActiveCfg = Debug|Any CPU
		{E5CB19B5-2A01-4C06-8472-DC59766E9373}.Debug|Any CPU.Build.0 = Debug|Any CPU
		{E5CB19B5-2A01-4C06-8472-DC59766E9373}.Release|Any CPU.ActiveCfg = Release|Any CPU
		{E5CB19B5-2A01-4C06-8472-DC59766E9373}.Release|Any CPU.Build.0 = Release|Any CPU
		{82EABAFE-4BF6-4E11-8E56-1160181C78F4}.Debug|Any CPU.ActiveCfg = Debug|Any CPU
		{82EABAFE-4BF6-4E11-8E56-1160181C78F4}.Debug|Any CPU.Build.0 = Debug|Any CPU
		{82EABAFE-4BF6-4E11-8E56-1160181C78F4}.Release|Any CPU.ActiveCfg = Release|Any CPU
		{82EABAFE-4BF6-4E11-8E56-1160181C78F4}.Release|Any CPU.Build.0 = Release|Any CPU
	EndGlobalSection
	GlobalSection(SolutionProperties) = preSolution
		HideSolutionNode = FALSE
	EndGlobalSection
	GlobalSection(NestedProjects) = preSolution
		{3DBF0A34-84F5-4F39-B726-BFBDC136DD84} = {624D0BD4-FE38-480B-BA6B-410A902B991C}
		{4A301C59-D473-4236-BD26-AA9ACD22F1E0} = {2B08CCA6-D251-4A87-828E-5288F5484A57}
		{AF71966D-D4C1-4EF7-8F11-DBC55228A0DB} = {DDBF4B7F-FF4C-4B51-9223-8F1E67E4C32E}
		{D32EBAB1-D0CF-40BB-85DA-2076DB3D8C91} = {DDBF4B7F-FF4C-4B51-9223-8F1E67E4C32E}
		{8524FD05-F69F-4BD8-804A-B04B4CB00F26} = {DDBF4B7F-FF4C-4B51-9223-8F1E67E4C32E}
		{A43E1116-A021-4D1C-9CE8-7C6D69818D44} = {DDBF4B7F-FF4C-4B51-9223-8F1E67E4C32E}
		{24B01E85-1C0B-407D-B16D-0978289BE9B3} = {DDBF4B7F-FF4C-4B51-9223-8F1E67E4C32E}
		{5422EB04-DFAD-4568-AB7A-7348CEF42032} = {644A6E3F-8899-46A9-94AC-2229A06D2A52}
		{3BBD80D9-8E3C-4F0E-A121-094385759DE6} = {1AAA8AC5-2C71-4586-B87F-9433051F07EF}
		{12F5BD24-82A0-4C7F-9037-6ACD49A60810} = {624D0BD4-FE38-480B-BA6B-410A902B991C}
		{CA51EC49-5F22-4C49-9A7E-24A8FDCAA256} = {2B08CCA6-D251-4A87-828E-5288F5484A57}
		{6B28F0C9-88DF-4A48-9E9F-67C355EDED8A} = {644A6E3F-8899-46A9-94AC-2229A06D2A52}
		{E11B6912-A198-4245-B550-85EB7476252C} = {DDBF4B7F-FF4C-4B51-9223-8F1E67E4C32E}
		{450786DC-F71C-4E2A-8AEE-C414E03062C4} = {644A6E3F-8899-46A9-94AC-2229A06D2A52}
		{CA2B7391-2491-4621-8086-EB0A04715023} = {644A6E3F-8899-46A9-94AC-2229A06D2A52}
		{9F915B0A-FE43-4343-9E75-629796F3D6DB} = {DDBF4B7F-FF4C-4B51-9223-8F1E67E4C32E}
		{A016189C-F7A1-4EC0-BCE1-64318E37B179} = {644A6E3F-8899-46A9-94AC-2229A06D2A52}
		{AF2E5A74-2B8E-423F-AA58-BF349D4DA3FA} = {644A6E3F-8899-46A9-94AC-2229A06D2A52}
		{8C62A9DD-AF9A-4319-BD62-BE30DB2D1808} = {1AAA8AC5-2C71-4586-B87F-9433051F07EF}
		{6FCC26C9-4E44-44DA-BA96-A7679D7BF531} = {1AAA8AC5-2C71-4586-B87F-9433051F07EF}
		{22AC61EB-861E-42B3-B379-C8A8EDD46854} = {DDBF4B7F-FF4C-4B51-9223-8F1E67E4C32E}
		{D5E9B226-5456-4A38-BD4B-D667104CBC9B} = {644A6E3F-8899-46A9-94AC-2229A06D2A52}
		{14210231-8171-4113-93C4-679B4203095B} = {1AAA8AC5-2C71-4586-B87F-9433051F07EF}
		{942BF265-0C8A-41FD-A109-D279FD137062} = {B8FAF65D-78CA-4BE5-87BB-EC9956DFFDD9}
		{143F8F41-D4AC-4549-8162-B2415F216B6D} = {B8FAF65D-78CA-4BE5-87BB-EC9956DFFDD9}
		{EA122925-8BF4-4955-B775-D6EFBC5FA09E} = {B8FAF65D-78CA-4BE5-87BB-EC9956DFFDD9}
		{123B4C96-8F89-4B96-A944-FD31BC42C207} = {644A6E3F-8899-46A9-94AC-2229A06D2A52}
		{9E5000FE-A277-4A82-BB24-5F8CEB21CB5A} = {B8FAF65D-78CA-4BE5-87BB-EC9956DFFDD9}
		{E5CB19B5-2A01-4C06-8472-DC59766E9373} = {B8FAF65D-78CA-4BE5-87BB-EC9956DFFDD9}
		{82EABAFE-4BF6-4E11-8E56-1160181C78F4} = {237B75FF-5167-4A75-85F2-40BFA788EBEF}
	EndGlobalSection
	GlobalSection(ExtensibilityGlobals) = postSolution
		SolutionGuid = {493715B9-2CBA-463A-A81F-C413C476D22A}
	EndGlobalSection
EndGlobal
